
Microsoft Visual Studio Solution File, Format Version 12.00
# Visual Studio Version 17
VisualStudioVersion = 17.4.33213.308
MinimumVisualStudioVersion = 10.0.40219.1
Project("{9A19103F-16F7-4668-BE54-9A1E7A4F7556}") = "Duke Queue", "Duke Queue.csproj", "{DA0EC43C-D044-4148-9BCC-D5569E392975}"
EndProject
Global
	GlobalSection(SolutionConfigurationPlatforms) = preSolution
		Debug|Any CPU = Debug|Any CPU
		Release|Any CPU = Release|Any CPU
	EndGlobalSection
	GlobalSection(ProjectConfigurationPlatforms) = postSolution
		{DA0EC43C-D044-4148-9BCC-D5569E392975}.Debug|Any CPU.ActiveCfg = Debug|Any CPU
		{DA0EC43C-D044-4148-9BCC-D5569E392975}.Debug|Any CPU.Build.0 = Debug|Any CPU
		{DA0EC43C-D044-4148-9BCC-D5569E392975}.Release|Any CPU.ActiveCfg = Release|Any CPU
		{DA0EC43C-D044-4148-9BCC-D5569E392975}.Release|Any CPU.Build.0 = Release|Any CPU
	EndGlobalSection
	GlobalSection(SolutionProperties) = preSolution
		HideSolutionNode = FALSE
	EndGlobalSection
	GlobalSection(ExtensibilityGlobals) = postSolution
		SolutionGuid = {699266D7-B794-41E3-B6E1-BD836B41FF14}
	EndGlobalSection
EndGlobal
